
Microsoft Visual Studio Solution File, Format Version 12.00
# Visual Studio Version 16
VisualStudioVersion = 16.0.30114.105
MinimumVisualStudioVersion = 10.0.40219.1
Project("{FAE04EC0-301F-11D3-BF4B-00C04F79EFBC}") = "API", "API\API.csproj", "{E6A8764D-5A3D-43F5-B968-85D813CF9422}"
EndProject
Project("{FAE04EC0-301F-11D3-BF4B-00C04F79EFBC}") = "Application", "Application\Application.csproj", "{1ACC9C76-815F-4B99-B10C-9B41C3516395}"
EndProject
Project("{FAE04EC0-301F-11D3-BF4B-00C04F79EFBC}") = "Persistence", "Persistence\Persistence.csproj", "{1EA29D02-23EF-4AC4-965A-7C439D18B9D5}"
EndProject
Project("{FAE04EC0-301F-11D3-BF4B-00C04F79EFBC}") = "Domain", "Domain\Domain.csproj", "{45745150-06CB-4062-A4D3-967987D0FDF1}"
EndProject
Project("{FAE04EC0-301F-11D3-BF4B-00C04F79EFBC}") = "Infrastructure", "Infrastructure\Infrastructure.csproj", "{A5440834-BAF7-4F49-B4D3-44756B1AB1EB}"
EndProject
Global
	GlobalSection(SolutionConfigurationPlatforms) = preSolution
		Debug|Any CPU = Debug|Any CPU
		Debug|x64 = Debug|x64
		Debug|x86 = Debug|x86
		Release|Any CPU = Release|Any CPU
		Release|x64 = Release|x64
		Release|x86 = Release|x86
	EndGlobalSection
	GlobalSection(SolutionProperties) = preSolution
		HideSolutionNode = FALSE
	EndGlobalSection
	GlobalSection(ProjectConfigurationPlatforms) = postSolution
		{E6A8764D-5A3D-43F5-B968-85D813CF9422}.Debug|Any CPU.ActiveCfg = Debug|Any CPU
		{E6A8764D-5A3D-43F5-B968-85D813CF9422}.Debug|Any CPU.Build.0 = Debug|Any CPU
		{E6A8764D-5A3D-43F5-B968-85D813CF9422}.Debug|x64.ActiveCfg = Debug|Any CPU
		{E6A8764D-5A3D-43F5-B968-85D813CF9422}.Debug|x64.Build.0 = Debug|Any CPU
		{E6A8764D-5A3D-43F5-B968-85D813CF9422}.Debug|x86.ActiveCfg = Debug|Any CPU
		{E6A8764D-5A3D-43F5-B968-85D813CF9422}.Debug|x86.Build.0 = Debug|Any CPU
		{E6A8764D-5A3D-43F5-B968-85D813CF9422}.Release|Any CPU.ActiveCfg = Release|Any CPU
		{E6A8764D-5A3D-43F5-B968-85D813CF9422}.Release|Any CPU.Build.0 = Release|Any CPU
		{E6A8764D-5A3D-43F5-B968-85D813CF9422}.Release|x64.ActiveCfg = Release|Any CPU
		{E6A8764D-5A3D-43F5-B968-85D813CF9422}.Release|x64.Build.0 = Release|Any CPU
		{E6A8764D-5A3D-43F5-B968-85D813CF9422}.Release|x86.ActiveCfg = Release|Any CPU
		{E6A8764D-5A3D-43F5-B968-85D813CF9422}.Release|x86.Build.0 = Release|Any CPU
		{1ACC9C76-815F-4B99-B10C-9B41C3516395}.Debug|Any CPU.ActiveCfg = Debug|Any CPU
		{1ACC9C76-815F-4B99-B10C-9B41C3516395}.Debug|Any CPU.Build.0 = Debug|Any CPU
		{1ACC9C76-815F-4B99-B10C-9B41C3516395}.Debug|x64.ActiveCfg = Debug|Any CPU
		{1ACC9C76-815F-4B99-B10C-9B41C3516395}.Debug|x64.Build.0 = Debug|Any CPU
		{1ACC9C76-815F-4B99-B10C-9B41C3516395}.Debug|x86.ActiveCfg = Debug|Any CPU
		{1ACC9C76-815F-4B99-B10C-9B41C3516395}.Debug|x86.Build.0 = Debug|Any CPU
		{1ACC9C76-815F-4B99-B10C-9B41C3516395}.Release|Any CPU.ActiveCfg = Release|Any CPU
		{1ACC9C76-815F-4B99-B10C-9B41C3516395}.Release|Any CPU.Build.0 = Release|Any CPU
		{1ACC9C76-815F-4B99-B10C-9B41C3516395}.Release|x64.ActiveCfg = Release|Any CPU
		{1ACC9C76-815F-4B99-B10C-9B41C3516395}.Release|x64.Build.0 = Release|Any CPU
		{1ACC9C76-815F-4B99-B10C-9B41C3516395}.Release|x86.ActiveCfg = Release|Any CPU
		{1ACC9C76-815F-4B99-B10C-9B41C3516395}.Release|x86.Build.0 = Release|Any CPU
		{1EA29D02-23EF-4AC4-965A-7C439D18B9D5}.Debug|Any CPU.ActiveCfg = Debug|Any CPU
		{1EA29D02-23EF-4AC4-965A-7C439D18B9D5}.Debug|Any CPU.Build.0 = Debug|Any CPU
		{1EA29D02-23EF-4AC4-965A-7C439D18B9D5}.Debug|x64.ActiveCfg = Debug|Any CPU
		{1EA29D02-23EF-4AC4-965A-7C439D18B9D5}.Debug|x64.Build.0 = Debug|Any CPU
		{1EA29D02-23EF-4AC4-965A-7C439D18B9D5}.Debug|x86.ActiveCfg = Debug|Any CPU
		{1EA29D02-23EF-4AC4-965A-7C439D18B9D5}.Debug|x86.Build.0 = Debug|Any CPU
		{1EA29D02-23EF-4AC4-965A-7C439D18B9D5}.Release|Any CPU.ActiveCfg = Release|Any CPU
		{1EA29D02-23EF-4AC4-965A-7C439D18B9D5}.Release|Any CPU.Build.0 = Release|Any CPU
		{1EA29D02-23EF-4AC4-965A-7C439D18B9D5}.Release|x64.ActiveCfg = Release|Any CPU
		{1EA29D02-23EF-4AC4-965A-7C439D18B9D5}.Release|x64.Build.0 = Release|Any CPU
		{1EA29D02-23EF-4AC4-965A-7C439D18B9D5}.Release|x86.ActiveCfg = Release|Any CPU
		{1EA29D02-23EF-4AC4-965A-7C439D18B9D5}.Release|x86.Build.0 = Release|Any CPU
		{45745150-06CB-4062-A4D3-967987D0FDF1}.Debug|Any CPU.ActiveCfg = Debug|Any CPU
		{45745150-06CB-4062-A4D3-967987D0FDF1}.Debug|Any CPU.Build.0 = Debug|Any CPU
		{45745150-06CB-4062-A4D3-967987D0FDF1}.Debug|x64.ActiveCfg = Debug|Any CPU
		{45745150-06CB-4062-A4D3-967987D0FDF1}.Debug|x64.Build.0 = Debug|Any CPU
		{45745150-06CB-4062-A4D3-967987D0FDF1}.Debug|x86.ActiveCfg = Debug|Any CPU
		{45745150-06CB-4062-A4D3-967987D0FDF1}.Debug|x86.Build.0 = Debug|Any CPU
		{45745150-06CB-4062-A4D3-967987D0FDF1}.Release|Any CPU.ActiveCfg = Release|Any CPU
		{45745150-06CB-4062-A4D3-967987D0FDF1}.Release|Any CPU.Build.0 = Release|Any CPU
		{45745150-06CB-4062-A4D3-967987D0FDF1}.Release|x64.ActiveCfg = Release|Any CPU
		{45745150-06CB-4062-A4D3-967987D0FDF1}.Release|x64.Build.0 = Release|Any CPU
		{45745150-06CB-4062-A4D3-967987D0FDF1}.Release|x86.ActiveCfg = Release|Any CPU
		{45745150-06CB-4062-A4D3-967987D0FDF1}.Release|x86.Build.0 = Release|Any CPU
		{A5440834-BAF7-4F49-B4D3-44756B1AB1EB}.Debug|Any CPU.ActiveCfg = Debug|Any CPU
		{A5440834-BAF7-4F49-B4D3-44756B1AB1EB}.Debug|Any CPU.Build.0 = Debug|Any CPU
		{A5440834-BAF7-4F49-B4D3-44756B1AB1EB}.Debug|x64.ActiveCfg = Debug|Any CPU
		{A5440834-BAF7-4F49-B4D3-44756B1AB1EB}.Debug|x64.Build.0 = Debug|Any CPU
		{A5440834-BAF7-4F49-B4D3-44756B1AB1EB}.Debug|x86.ActiveCfg = Debug|Any CPU
		{A5440834-BAF7-4F49-B4D3-44756B1AB1EB}.Debug|x86.Build.0 = Debug|Any CPU
		{A5440834-BAF7-4F49-B4D3-44756B1AB1EB}.Release|Any CPU.ActiveCfg = Release|Any CPU
		{A5440834-BAF7-4F49-B4D3-44756B1AB1EB}.Release|Any CPU.Build.0 = Release|Any CPU
		{A5440834-BAF7-4F49-B4D3-44756B1AB1EB}.Release|x64.ActiveCfg = Release|Any CPU
		{A5440834-BAF7-4F49-B4D3-44756B1AB1EB}.Release|x64.Build.0 = Release|Any CPU
		{A5440834-BAF7-4F49-B4D3-44756B1AB1EB}.Release|x86.ActiveCfg = Release|Any CPU
		{A5440834-BAF7-4F49-B4D3-44756B1AB1EB}.Release|x86.Build.0 = Release|Any CPU
	EndGlobalSection
EndGlobal
